
Microsoft Visual Studio Solution File, Format Version 12.00
# Visual Studio Version 16
VisualStudioVersion = 16.0.32407.337
MinimumVisualStudioVersion = 10.0.40219.1
Project("{FAE04EC0-301F-11D3-BF4B-00C04F79EFBC}") = "1-OlaMundo", "1-OlaMundo\1-OlaMundo.csproj", "{EDCC61FC-78FF-4B11-84D9-840D9CAF964A}"
EndProject
Project("{FAE04EC0-301F-11D3-BF4B-00C04F79EFBC}") = "2-CirandoVariaveis", "2-CirandoVariaveis\2-CirandoVariaveis.csproj", "{4DF1D737-A495-42ED-A4DA-6AF0185B790F}"
EndProject
Project("{FAE04EC0-301F-11D3-BF4B-00C04F79EFBC}") = "4-ConversoesEOutrosTipos", "4-ConversoesEOutrosTipos\4-ConversoesEOutrosTipos.csproj", "{9D118AEB-4EFD-4D19-9876-23A8915A28E9}"
EndProject
Project("{FAE04EC0-301F-11D3-BF4B-00C04F79EFBC}") = "3-CriandoVariaveisPontoFlutuante", "3-CriandoVariaveisPontoFlutuante\3-CriandoVariaveisPontoFlutuante.csproj", "{64F452F7-C502-426D-B500-4254F9448BB3}"
EndProject
Project("{FAE04EC0-301F-11D3-BF4B-00C04F79EFBC}") = "5-CaractersETextos", "5-CaractersETextos\5-CaractersETextos.csproj", "{3524C5C5-F9D5-4965-ABAD-60EF8D7E7209}"
EndProject
Project("{FAE04EC0-301F-11D3-BF4B-00C04F79EFBC}") = "6-AtribuicaoDeVariaveis", "6-AtribuicaoDeVariaveis\6-AtribuicaoDeVariaveis.csproj", "{6669880E-706A-40FD-80D0-50DA42FC766C}"
EndProject
Project("{FAE04EC0-301F-11D3-BF4B-00C04F79EFBC}") = "7-Condicionais", "7-Condicionais\7-Condicionais.csproj", "{85F33B8B-0247-4987-9752-D681E9D04904}"
EndProject
Project("{FAE04EC0-301F-11D3-BF4B-00C04F79EFBC}") = "8-Condicionais2", "8-Condicionais2\8-Condicionais2.csproj", "{B319A7B6-65A5-445B-9F38-4D5D08D0AD53}"
EndProject
Project("{FAE04EC0-301F-11D3-BF4B-00C04F79EFBC}") = "9-escopo", "9-escopo\9-escopo.csproj", "{90DD09A9-539B-4769-A34F-983451D6CC9A}"
EndProject
Project("{FAE04EC0-301F-11D3-BF4B-00C04F79EFBC}") = "10-calculandoJoao", "10-calculandoJoao\10-calculandoJoao.csproj", "{15E0582C-8E4D-4391-96B3-800FC55B8D18}"
EndProject
Project("{FAE04EC0-301F-11D3-BF4B-00C04F79EFBC}") = "P11-CalculaPoupanca", "P11-CalculaPoupanca\P11-CalculaPoupanca.csproj", "{64F18A21-05E4-4BF2-810B-5B97BEE24C60}"
EndProject
Project("{FAE04EC0-301F-11D3-BF4B-00C04F79EFBC}") = "P12-CalculaPoupanca", "P12-CalculaPoupanca\P12-CalculaPoupanca.csproj", "{23720EF1-7027-4040-B393-2ED430FC8BCF}"
EndProject
Global
	GlobalSection(SolutionConfigurationPlatforms) = preSolution
		Debug|Any CPU = Debug|Any CPU
		Release|Any CPU = Release|Any CPU
	EndGlobalSection
	GlobalSection(ProjectConfigurationPlatforms) = postSolution
		{EDCC61FC-78FF-4B11-84D9-840D9CAF964A}.Debug|Any CPU.ActiveCfg = Debug|Any CPU
		{EDCC61FC-78FF-4B11-84D9-840D9CAF964A}.Debug|Any CPU.Build.0 = Debug|Any CPU
		{EDCC61FC-78FF-4B11-84D9-840D9CAF964A}.Release|Any CPU.ActiveCfg = Release|Any CPU
		{EDCC61FC-78FF-4B11-84D9-840D9CAF964A}.Release|Any CPU.Build.0 = Release|Any CPU
		{4DF1D737-A495-42ED-A4DA-6AF0185B790F}.Debug|Any CPU.ActiveCfg = Debug|Any CPU
		{4DF1D737-A495-42ED-A4DA-6AF0185B790F}.Debug|Any CPU.Build.0 = Debug|Any CPU
		{4DF1D737-A495-42ED-A4DA-6AF0185B790F}.Release|Any CPU.ActiveCfg = Release|Any CPU
		{4DF1D737-A495-42ED-A4DA-6AF0185B790F}.Release|Any CPU.Build.0 = Release|Any CPU
		{9D118AEB-4EFD-4D19-9876-23A8915A28E9}.Debug|Any CPU.ActiveCfg = Debug|Any CPU
		{9D118AEB-4EFD-4D19-9876-23A8915A28E9}.Debug|Any CPU.Build.0 = Debug|Any CPU
		{9D118AEB-4EFD-4D19-9876-23A8915A28E9}.Release|Any CPU.ActiveCfg = Release|Any CPU
		{9D118AEB-4EFD-4D19-9876-23A8915A28E9}.Release|Any CPU.Build.0 = Release|Any CPU
		{64F452F7-C502-426D-B500-4254F9448BB3}.Debug|Any CPU.ActiveCfg = Debug|Any CPU
		{64F452F7-C502-426D-B500-4254F9448BB3}.Debug|Any CPU.Build.0 = Debug|Any CPU
		{64F452F7-C502-426D-B500-4254F9448BB3}.Release|Any CPU.ActiveCfg = Release|Any CPU
		{64F452F7-C502-426D-B500-4254F9448BB3}.Release|Any CPU.Build.0 = Release|Any CPU
		{3524C5C5-F9D5-4965-ABAD-60EF8D7E7209}.Debug|Any CPU.ActiveCfg = Debug|Any CPU
		{3524C5C5-F9D5-4965-ABAD-60EF8D7E7209}.Debug|Any CPU.Build.0 = Debug|Any CPU
		{3524C5C5-F9D5-4965-ABAD-60EF8D7E7209}.Release|Any CPU.ActiveCfg = Release|Any CPU
		{3524C5C5-F9D5-4965-ABAD-60EF8D7E7209}.Release|Any CPU.Build.0 = Release|Any CPU
		{6669880E-706A-40FD-80D0-50DA42FC766C}.Debug|Any CPU.ActiveCfg = Debug|Any CPU
		{6669880E-706A-40FD-80D0-50DA42FC766C}.Debug|Any CPU.Build.0 = Debug|Any CPU
		{6669880E-706A-40FD-80D0-50DA42FC766C}.Release|Any CPU.ActiveCfg = Release|Any CPU
		{6669880E-706A-40FD-80D0-50DA42FC766C}.Release|Any CPU.Build.0 = Release|Any CPU
		{85F33B8B-0247-4987-9752-D681E9D04904}.Debug|Any CPU.ActiveCfg = Debug|Any CPU
		{85F33B8B-0247-4987-9752-D681E9D04904}.Debug|Any CPU.Build.0 = Debug|Any CPU
		{85F33B8B-0247-4987-9752-D681E9D04904}.Release|Any CPU.ActiveCfg = Release|Any CPU
		{85F33B8B-0247-4987-9752-D681E9D04904}.Release|Any CPU.Build.0 = Release|Any CPU
		{B319A7B6-65A5-445B-9F38-4D5D08D0AD53}.Debug|Any CPU.ActiveCfg = Debug|Any CPU
		{B319A7B6-65A5-445B-9F38-4D5D08D0AD53}.Debug|Any CPU.Build.0 = Debug|Any CPU
		{B319A7B6-65A5-445B-9F38-4D5D08D0AD53}.Release|Any CPU.ActiveCfg = Release|Any CPU
		{B319A7B6-65A5-445B-9F38-4D5D08D0AD53}.Release|Any CPU.Build.0 = Release|Any CPU
		{90DD09A9-539B-4769-A34F-983451D6CC9A}.Debug|Any CPU.ActiveCfg = Debug|Any CPU
		{90DD09A9-539B-4769-A34F-983451D6CC9A}.Debug|Any CPU.Build.0 = Debug|Any CPU
		{90DD09A9-539B-4769-A34F-983451D6CC9A}.Release|Any CPU.ActiveCfg = Release|Any CPU
		{90DD09A9-539B-4769-A34F-983451D6CC9A}.Release|Any CPU.Build.0 = Release|Any CPU
		{15E0582C-8E4D-4391-96B3-800FC55B8D18}.Debug|Any CPU.ActiveCfg = Debug|Any CPU
		{15E0582C-8E4D-4391-96B3-800FC55B8D18}.Debug|Any CPU.Build.0 = Debug|Any CPU
		{15E0582C-8E4D-4391-96B3-800FC55B8D18}.Release|Any CPU.ActiveCfg = Release|Any CPU
		{15E0582C-8E4D-4391-96B3-800FC55B8D18}.Release|Any CPU.Build.0 = Release|Any CPU
		{64F18A21-05E4-4BF2-810B-5B97BEE24C60}.Debug|Any CPU.ActiveCfg = Debug|Any CPU
		{64F18A21-05E4-4BF2-810B-5B97BEE24C60}.Debug|Any CPU.Build.0 = Debug|Any CPU
		{64F18A21-05E4-4BF2-810B-5B97BEE24C60}.Release|Any CPU.ActiveCfg = Release|Any CPU
		{64F18A21-05E4-4BF2-810B-5B97BEE24C60}.Release|Any CPU.Build.0 = Release|Any CPU
		{23720EF1-7027-4040-B393-2ED430FC8BCF}.Debug|Any CPU.ActiveCfg = Debug|Any CPU
		{23720EF1-7027-4040-B393-2ED430FC8BCF}.Debug|Any CPU.Build.0 = Debug|Any CPU
		{23720EF1-7027-4040-B393-2ED430FC8BCF}.Release|Any CPU.ActiveCfg = Release|Any CPU
		{23720EF1-7027-4040-B393-2ED430FC8BCF}.Release|Any CPU.Build.0 = Release|Any CPU
	EndGlobalSection
	GlobalSection(SolutionProperties) = preSolution
		HideSolutionNode = FALSE
	EndGlobalSection
	GlobalSection(ExtensibilityGlobals) = postSolution
		SolutionGuid = {40B44283-9563-4BF6-BA0A-659F467AAA25}
	EndGlobalSection
EndGlobal
